Microsoft Visual Studio Solution File, Format Version 11.00
# Visual Studio 2008

Project("{41B60DC0-C259-2810-ABB0-977B5E1C6C24}") = "SI_YsInteractive", "Assembly-CSharp-vs.csproj", "{39986195-9331-70E1-0061-57DFD6800F8D}"
EndProject
Global
	GlobalSection(SolutionConfigurationPlatforms) = preSolution
		Debug|Any CPU = Debug|Any CPU
		Release|Any CPU = Release|Any CPU
	EndGlobalSection
	GlobalSection(ProjectConfigurationPlatforms) = postSolution
		{39986195-9331-70E1-0061-57DFD6800F8D}.Debug|Any CPU.ActiveCfg = Debug|Any CPU
		{39986195-9331-70E1-0061-57DFD6800F8D}.Debug|Any CPU.Build.0 = Debug|Any CPU
		{39986195-9331-70E1-0061-57DFD6800F8D}.Release|Any CPU.ActiveCfg = Release|Any CPU
		{39986195-9331-70E1-0061-57DFD6800F8D}.Release|Any CPU.Build.0 = Release|Any CPU
	EndGlobalSection
	GlobalSection(SolutionProperties) = preSolution
		HideSolutionNode = FALSE
	EndGlobalSection
	
EndGlobal
